
Microsoft Visual Studio Solution File, Format Version 10.00
# Visual C++ Express 2008
Project("{8BC9CEB8-8B4A-11D0-8D11-00A0C91BC942}") = "bgmlib", "..\libs\bgmlib\bgmlib.vcproj", "{6BDD7362-A003-4E3F-954B-7FF2ABFA27C2}"
EndProject
Project("{8BC9CEB8-8B4A-11D0-8D11-00A0C91BC942}") = "th_tool_shared", "..\libs\th_tool_shared\th_tool_shared.vcproj", "{08774117-991B-43E8-8718-4682F0A50F1B}"
	ProjectSection(ProjectDependencies) = postProject
		{6BDD7362-A003-4E3F-954B-7FF2ABFA27C2} = {6BDD7362-A003-4E3F-954B-7FF2ABFA27C2}
	EndProjectSection
EndProject
Project("{8BC9CEB8-8B4A-11D0-8D11-00A0C91BC942}") = "musicroom", "musicroom.vcproj", "{0A7B84C6-8214-4210-8C19-028CFDF2EBB0}"
EndProject
Global
	GlobalSection(SolutionConfigurationPlatforms) = preSolution
		Debug|Win32 = Debug|Win32
		Release|Win32 = Release|Win32
	EndGlobalSection
	GlobalSection(ProjectConfigurationPlatforms) = postSolution
		{6BDD7362-A003-4E3F-954B-7FF2ABFA27C2}.Debug|Win32.ActiveCfg = Debug THVC|Win32
		{6BDD7362-A003-4E3F-954B-7FF2ABFA27C2}.Debug|Win32.Build.0 = Debug THVC|Win32
		{6BDD7362-A003-4E3F-954B-7FF2ABFA27C2}.Release|Win32.ActiveCfg = Release THVC|Win32
		{6BDD7362-A003-4E3F-954B-7FF2ABFA27C2}.Release|Win32.Build.0 = Release THVC|Win32
		{08774117-991B-43E8-8718-4682F0A50F1B}.Debug|Win32.ActiveCfg = Debug|Win32
		{08774117-991B-43E8-8718-4682F0A50F1B}.Debug|Win32.Build.0 = Debug|Win32
		{08774117-991B-43E8-8718-4682F0A50F1B}.Release|Win32.ActiveCfg = Release|Win32
		{08774117-991B-43E8-8718-4682F0A50F1B}.Release|Win32.Build.0 = Release|Win32
		{0A7B84C6-8214-4210-8C19-028CFDF2EBB0}.Debug|Win32.ActiveCfg = Debug|Win32
		{0A7B84C6-8214-4210-8C19-028CFDF2EBB0}.Debug|Win32.Build.0 = Debug|Win32
		{0A7B84C6-8214-4210-8C19-028CFDF2EBB0}.Release|Win32.ActiveCfg = Release|Win32
		{0A7B84C6-8214-4210-8C19-028CFDF2EBB0}.Release|Win32.Build.0 = Release|Win32
	EndGlobalSection
	GlobalSection(SolutionProperties) = preSolution
		HideSolutionNode = FALSE
	EndGlobalSection
EndGlobal
